
Microsoft Visual Studio Solution File, Format Version 12.00
# Visual Studio Version 16
VisualStudioVersion = 16.0.31728.308
MinimumVisualStudioVersion = 10.0.40219.1
Project("{8BC9CEB8-8B4A-11D0-8D11-00A0C91BC942}") = "Test", "Test.vcxproj", "{05B444AA-3050-41C0-9F01-6E21FE3A4EBA}"
EndProject
Global
	GlobalSection(SolutionConfigurationPlatforms) = preSolution
		Debug|x64 = Debug|x64
		Debug|x86 = Debug|x86
		Release|x64 = Release|x64
		Release|x86 = Release|x86
	EndGlobalSection
	GlobalSection(ProjectConfigurationPlatforms) = postSolution
		{05B444AA-3050-41C0-9F01-6E21FE3A4EBA}.Debug|x64.ActiveCfg = Debug|x64
		{05B444AA-3050-41C0-9F01-6E21FE3A4EBA}.Debug|x64.Build.0 = Debug|x64
		{05B444AA-3050-41C0-9F01-6E21FE3A4EBA}.Debug|x86.ActiveCfg = Debug|Win32
		{05B444AA-3050-41C0-9F01-6E21FE3A4EBA}.Debug|x86.Build.0 = Debug|Win32
		{05B444AA-3050-41C0-9F01-6E21FE3A4EBA}.Release|x64.ActiveCfg = Release|x64
		{05B444AA-3050-41C0-9F01-6E21FE3A4EBA}.Release|x64.Build.0 = Release|x64
		{05B444AA-3050-41C0-9F01-6E21FE3A4EBA}.Release|x86.ActiveCfg = Release|Win32
		{05B444AA-3050-41C0-9F01-6E21FE3A4EBA}.Release|x86.Build.0 = Release|Win32
	EndGlobalSection
	GlobalSection(SolutionProperties) = preSolution
		HideSolutionNode = FALSE
	EndGlobalSection
	GlobalSection(ExtensibilityGlobals) = postSolution
		SolutionGuid = {2AB6D39D-8C07-4383-A5CE-90866EB2D490}
	EndGlobalSection
EndGlobal
